
Microsoft Visual Studio Solution File, Format Version 12.00
# Visual Studio Version 17
VisualStudioVersion = 17.8.34525.116
MinimumVisualStudioVersion = 10.0.40219.1
Project("{FAE04EC0-301F-11D3-BF4B-00C04F79EFBC}") = "DesignpatternApi", "DesignpatternApi.csproj", "{0A59FBF1-4268-4000-AB42-F973C8BAC4F7}"
EndProject
Global
	GlobalSection(SolutionConfigurationPlatforms) = preSolution
		Debug|Any CPU = Debug|Any CPU
		Release|Any CPU = Release|Any CPU
	EndGlobalSection
	GlobalSection(ProjectConfigurationPlatforms) = postSolution
		{0A59FBF1-4268-4000-AB42-F973C8BAC4F7}.Debug|Any CPU.ActiveCfg = Debug|Any CPU
		{0A59FBF1-4268-4000-AB42-F973C8BAC4F7}.Debug|Any CPU.Build.0 = Debug|Any CPU
		{0A59FBF1-4268-4000-AB42-F973C8BAC4F7}.Release|Any CPU.ActiveCfg = Release|Any CPU
		{0A59FBF1-4268-4000-AB42-F973C8BAC4F7}.Release|Any CPU.Build.0 = Release|Any CPU
	EndGlobalSection
	GlobalSection(SolutionProperties) = preSolution
		HideSolutionNode = FALSE
	EndGlobalSection
	GlobalSection(ExtensibilityGlobals) = postSolution
		SolutionGuid = {55A276D5-C856-4EE2-BB6E-67AF39EB6EEB}
	EndGlobalSection
EndGlobal
